
Microsoft Visual Studio Solution File, Format Version 12.00
# Visual Studio Version 17
VisualStudioVersion = 17.2.32505.173
MinimumVisualStudioVersion = 10.0.40219.1
Project("{FAE04EC0-301F-11D3-BF4B-00C04F79EFBC}") = "UserManagementAPI", "UserManagementAPI\UserManagementAPI.csproj", "{48816EC8-EE17-42CD-8D9E-B74408D2DC9E}"
EndProject
Global
	GlobalSection(SolutionConfigurationPlatforms) = preSolution
		Debug|Any CPU = Debug|Any CPU
		Release|Any CPU = Release|Any CPU
	EndGlobalSection
	GlobalSection(ProjectConfigurationPlatforms) = postSolution
		{48816EC8-EE17-42CD-8D9E-B74408D2DC9E}.Debug|Any CPU.ActiveCfg = Debug|Any CPU
		{48816EC8-EE17-42CD-8D9E-B74408D2DC9E}.Debug|Any CPU.Build.0 = Debug|Any CPU
		{48816EC8-EE17-42CD-8D9E-B74408D2DC9E}.Release|Any CPU.ActiveCfg = Release|Any CPU
		{48816EC8-EE17-42CD-8D9E-B74408D2DC9E}.Release|Any CPU.Build.0 = Release|Any CPU
	EndGlobalSection
	GlobalSection(SolutionProperties) = preSolution
		HideSolutionNode = FALSE
	EndGlobalSection
	GlobalSection(ExtensibilityGlobals) = postSolution
		SolutionGuid = {D21133DA-E181-4B66-82F9-2A1F89947175}
	EndGlobalSection
EndGlobal
